
Microsoft Visual Studio Solution File, Format Version 12.00
# Visual Studio Version 17
VisualStudioVersion = 17.14.36518.9 d17.14
MinimumVisualStudioVersion = 10.0.40219.1
Project("{FAE04EC0-301F-11D3-BF4B-00C04F79EFBC}") = "Bahnhof 1", "Bahnhof 1\Bahnhof 1.csproj", "{0BEE90EB-BC85-4358-8062-8D4D1EA900B9}"
EndProject
Global
	GlobalSection(SolutionConfigurationPlatforms) = preSolution
		Debug|Any CPU = Debug|Any CPU
		Release|Any CPU = Release|Any CPU
	EndGlobalSection
	GlobalSection(ProjectConfigurationPlatforms) = postSolution
		{0BEE90EB-BC85-4358-8062-8D4D1EA900B9}.Debug|Any CPU.ActiveCfg = Debug|Any CPU
		{0BEE90EB-BC85-4358-8062-8D4D1EA900B9}.Debug|Any CPU.Build.0 = Debug|Any CPU
		{0BEE90EB-BC85-4358-8062-8D4D1EA900B9}.Release|Any CPU.ActiveCfg = Release|Any CPU
		{0BEE90EB-BC85-4358-8062-8D4D1EA900B9}.Release|Any CPU.Build.0 = Release|Any CPU
	EndGlobalSection
	GlobalSection(SolutionProperties) = preSolution
		HideSolutionNode = FALSE
	EndGlobalSection
	GlobalSection(ExtensibilityGlobals) = postSolution
		SolutionGuid = {B99E65C1-F1CD-45A3-95A9-A91F4A505BEF}
	EndGlobalSection
EndGlobal
