
Microsoft Visual Studio Solution File, Format Version 12.00
# Visual Studio Version 17
VisualStudioVersion = 17.13.35919.96 d17.13
MinimumVisualStudioVersion = 10.0.40219.1
Project("{FAE04EC0-301F-11D3-BF4B-00C04F79EFBC}") = "ConsoleApp1", "ConsoleApp1.csproj", "{0C85CFF8-B240-40DC-A896-158E9E437611}"
EndProject
Global
	GlobalSection(SolutionConfigurationPlatforms) = preSolution
		Debug|Any CPU = Debug|Any CPU
		Release|Any CPU = Release|Any CPU
	EndGlobalSection
	GlobalSection(ProjectConfigurationPlatforms) = postSolution
		{0C85CFF8-B240-40DC-A896-158E9E437611}.Debug|Any CPU.ActiveCfg = Debug|Any CPU
		{0C85CFF8-B240-40DC-A896-158E9E437611}.Debug|Any CPU.Build.0 = Debug|Any CPU
		{0C85CFF8-B240-40DC-A896-158E9E437611}.Release|Any CPU.ActiveCfg = Release|Any CPU
		{0C85CFF8-B240-40DC-A896-158E9E437611}.Release|Any CPU.Build.0 = Release|Any CPU
	EndGlobalSection
	GlobalSection(SolutionProperties) = preSolution
		HideSolutionNode = FALSE
	EndGlobalSection
	GlobalSection(ExtensibilityGlobals) = postSolution
		SolutionGuid = {52FC629F-4A94-4874-89F7-24682FDDCE5F}
	EndGlobalSection
EndGlobal
